
Microsoft Visual Studio Solution File, Format Version 12.00
# Visual Studio Version 17
VisualStudioVersion = 17.10.35013.160
MinimumVisualStudioVersion = 10.0.40219.1
Project("{FAE04EC0-301F-11D3-BF4B-00C04F79EFBC}") = "8", "8.csproj", "{1B06B4FC-7A8C-423E-8F71-D947B9C427D0}"
EndProject
Global
	GlobalSection(SolutionConfigurationPlatforms) = preSolution
		Debug|Any CPU = Debug|Any CPU
		Release|Any CPU = Release|Any CPU
	EndGlobalSection
	GlobalSection(ProjectConfigurationPlatforms) = postSolution
		{1B06B4FC-7A8C-423E-8F71-D947B9C427D0}.Debug|Any CPU.ActiveCfg = Debug|Any CPU
		{1B06B4FC-7A8C-423E-8F71-D947B9C427D0}.Debug|Any CPU.Build.0 = Debug|Any CPU
		{1B06B4FC-7A8C-423E-8F71-D947B9C427D0}.Release|Any CPU.ActiveCfg = Release|Any CPU
		{1B06B4FC-7A8C-423E-8F71-D947B9C427D0}.Release|Any CPU.Build.0 = Release|Any CPU
	EndGlobalSection
	GlobalSection(SolutionProperties) = preSolution
		HideSolutionNode = FALSE
	EndGlobalSection
	GlobalSection(ExtensibilityGlobals) = postSolution
		SolutionGuid = {90EAF3E1-35C2-411E-85B6-2D05B81B0B5A}
	EndGlobalSection
EndGlobal
