
Microsoft Visual Studio Solution File, Format Version 12.00
# Visual Studio Version 17
VisualStudioVersion = 17.10.35013.160
MinimumVisualStudioVersion = 10.0.40219.1
Project("{FAE04EC0-301F-11D3-BF4B-00C04F79EFBC}") = "2", "2.csproj", "{A7FBC331-A049-4975-88BD-F4CB64935242}"
EndProject
Global
	GlobalSection(SolutionConfigurationPlatforms) = preSolution
		Debug|Any CPU = Debug|Any CPU
		Release|Any CPU = Release|Any CPU
	EndGlobalSection
	GlobalSection(ProjectConfigurationPlatforms) = postSolution
		{A7FBC331-A049-4975-88BD-F4CB64935242}.Debug|Any CPU.ActiveCfg = Debug|Any CPU
		{A7FBC331-A049-4975-88BD-F4CB64935242}.Debug|Any CPU.Build.0 = Debug|Any CPU
		{A7FBC331-A049-4975-88BD-F4CB64935242}.Release|Any CPU.ActiveCfg = Release|Any CPU
		{A7FBC331-A049-4975-88BD-F4CB64935242}.Release|Any CPU.Build.0 = Release|Any CPU
	EndGlobalSection
	GlobalSection(SolutionProperties) = preSolution
		HideSolutionNode = FALSE
	EndGlobalSection
	GlobalSection(ExtensibilityGlobals) = postSolution
		SolutionGuid = {3BF6EB68-BFEA-41C2-A19B-6318A3BF5401}
	EndGlobalSection
EndGlobal
